
Microsoft Visual Studio Solution File, Format Version 12.00
# Visual Studio Version 17
VisualStudioVersion = 17.3.32819.101
MinimumVisualStudioVersion = 10.0.40219.1
Project("{9A19103F-16F7-4668-BE54-9A1E7A4F7556}") = "CleanArchNet", "CleanArchNet\CleanArchNet.csproj", "{B7E46928-EFB0-4FDF-B252-61F267D73CA4}"
EndProject
Project("{9A19103F-16F7-4668-BE54-9A1E7A4F7556}") = "CleanArch-Application", "CleanArch-Application\CleanArch-Application.csproj", "{73FA84EC-0978-4D46-998A-208D9E9E17B3}"
EndProject
Project("{9A19103F-16F7-4668-BE54-9A1E7A4F7556}") = "CleanArch_Domain", "CleanArch-Domain\CleanArch_Domain.csproj", "{88FE5740-4DF2-4F5B-8492-1098461FD5D1}"
EndProject
Project("{9A19103F-16F7-4668-BE54-9A1E7A4F7556}") = "CleanArch-Infrastructure", "CleanArch-Infrastructure\CleanArch-Infrastructure.csproj", "{3337247C-7235-4B99-8B22-3F86E5CE33E1}"
EndProject
Project("{FAE04EC0-301F-11D3-BF4B-00C04F79EFBC}") = "CleanArchNet_Tests", "CleanArchNet_Tests\CleanArchNet_Tests.csproj", "{845F2F5A-704E-4611-93EF-E08DFAD86D94}"
EndProject
Global
	GlobalSection(SolutionConfigurationPlatforms) = preSolution
		Debug|Any CPU = Debug|Any CPU
		Release|Any CPU = Release|Any CPU
	EndGlobalSection
	GlobalSection(ProjectConfigurationPlatforms) = postSolution
		{B7E46928-EFB0-4FDF-B252-61F267D73CA4}.Debug|Any CPU.ActiveCfg = Debug|Any CPU
		{B7E46928-EFB0-4FDF-B252-61F267D73CA4}.Debug|Any CPU.Build.0 = Debug|Any CPU
		{B7E46928-EFB0-4FDF-B252-61F267D73CA4}.Release|Any CPU.ActiveCfg = Release|Any CPU
		{B7E46928-EFB0-4FDF-B252-61F267D73CA4}.Release|Any CPU.Build.0 = Release|Any CPU
		{73FA84EC-0978-4D46-998A-208D9E9E17B3}.Debug|Any CPU.ActiveCfg = Debug|Any CPU
		{73FA84EC-0978-4D46-998A-208D9E9E17B3}.Debug|Any CPU.Build.0 = Debug|Any CPU
		{73FA84EC-0978-4D46-998A-208D9E9E17B3}.Release|Any CPU.ActiveCfg = Release|Any CPU
		{73FA84EC-0978-4D46-998A-208D9E9E17B3}.Release|Any CPU.Build.0 = Release|Any CPU
		{88FE5740-4DF2-4F5B-8492-1098461FD5D1}.Debug|Any CPU.ActiveCfg = Debug|Any CPU
		{88FE5740-4DF2-4F5B-8492-1098461FD5D1}.Debug|Any CPU.Build.0 = Debug|Any CPU
		{88FE5740-4DF2-4F5B-8492-1098461FD5D1}.Release|Any CPU.ActiveCfg = Release|Any CPU
		{88FE5740-4DF2-4F5B-8492-1098461FD5D1}.Release|Any CPU.Build.0 = Release|Any CPU
		{3337247C-7235-4B99-8B22-3F86E5CE33E1}.Debug|Any CPU.ActiveCfg = Debug|Any CPU
		{3337247C-7235-4B99-8B22-3F86E5CE33E1}.Debug|Any CPU.Build.0 = Debug|Any CPU
		{3337247C-7235-4B99-8B22-3F86E5CE33E1}.Release|Any CPU.ActiveCfg = Release|Any CPU
		{3337247C-7235-4B99-8B22-3F86E5CE33E1}.Release|Any CPU.Build.0 = Release|Any CPU
		{845F2F5A-704E-4611-93EF-E08DFAD86D94}.Debug|Any CPU.ActiveCfg = Debug|Any CPU
		{845F2F5A-704E-4611-93EF-E08DFAD86D94}.Debug|Any CPU.Build.0 = Debug|Any CPU
		{845F2F5A-704E-4611-93EF-E08DFAD86D94}.Release|Any CPU.ActiveCfg = Release|Any CPU
		{845F2F5A-704E-4611-93EF-E08DFAD86D94}.Release|Any CPU.Build.0 = Release|Any CPU
	EndGlobalSection
	GlobalSection(SolutionProperties) = preSolution
		HideSolutionNode = FALSE
	EndGlobalSection
	GlobalSection(ExtensibilityGlobals) = postSolution
		SolutionGuid = {B30528B9-F8AB-4044-9D17-36AD7B43784F}
	EndGlobalSection
EndGlobal
